
Microsoft Visual Studio Solution File, Format Version 12.00
# Visual Studio Version 16
VisualStudioVersion = 16.0.31019.35
MinimumVisualStudioVersion = 10.0.40219.1
Project("{9A19103F-16F7-4668-BE54-9A1E7A4F7556}") = "osuDbJsonConverter", "osuDbJsonConverter\osuDbJsonConverter.csproj", "{5CBA0246-C7B1-48E2-B2A6-73DA647A38AA}"
EndProject
Global
	GlobalSection(SolutionConfigurationPlatforms) = preSolution
		Debug|Any CPU = Debug|Any CPU
		Release|Any CPU = Release|Any CPU
	EndGlobalSection
	GlobalSection(ProjectConfigurationPlatforms) = postSolution
		{5CBA0246-C7B1-48E2-B2A6-73DA647A38AA}.Debug|Any CPU.ActiveCfg = Debug|Any CPU
		{5CBA0246-C7B1-48E2-B2A6-73DA647A38AA}.Debug|Any CPU.Build.0 = Debug|Any CPU
		{5CBA0246-C7B1-48E2-B2A6-73DA647A38AA}.Release|Any CPU.ActiveCfg = Release|Any CPU
		{5CBA0246-C7B1-48E2-B2A6-73DA647A38AA}.Release|Any CPU.Build.0 = Release|Any CPU
	EndGlobalSection
	GlobalSection(SolutionProperties) = preSolution
		HideSolutionNode = FALSE
	EndGlobalSection
	GlobalSection(ExtensibilityGlobals) = postSolution
		SolutionGuid = {1854593E-4697-4450-9D6D-17C9ABFF324C}
	EndGlobalSection
EndGlobal
